
Microsoft Visual Studio Solution File, Format Version 12.00
# Visual Studio Version 17
VisualStudioVersion = 17.9.34622.214
MinimumVisualStudioVersion = 10.0.40219.1
Project("{9A19103F-16F7-4668-BE54-9A1E7A4F7556}") = "VsSetupInfo", "VsSetupInfo.csproj", "{7DCB26E9-2488-4664-922B-44D6E7609400}"
EndProject
Global
	GlobalSection(SolutionConfigurationPlatforms) = preSolution
		Debug|Any CPU = Debug|Any CPU
		Release|Any CPU = Release|Any CPU
	EndGlobalSection
	GlobalSection(ProjectConfigurationPlatforms) = postSolution
		{7DCB26E9-2488-4664-922B-44D6E7609400}.Debug|Any CPU.ActiveCfg = Debug|Any CPU
		{7DCB26E9-2488-4664-922B-44D6E7609400}.Debug|Any CPU.Build.0 = Debug|Any CPU
		{7DCB26E9-2488-4664-922B-44D6E7609400}.Release|Any CPU.ActiveCfg = Release|Any CPU
		{7DCB26E9-2488-4664-922B-44D6E7609400}.Release|Any CPU.Build.0 = Release|Any CPU
	EndGlobalSection
	GlobalSection(SolutionProperties) = preSolution
		HideSolutionNode = FALSE
	EndGlobalSection
	GlobalSection(ExtensibilityGlobals) = postSolution
		SolutionGuid = {242C205A-8921-4100-82F0-6CCFDB5EA07B}
	EndGlobalSection
EndGlobal
